
Microsoft Visual Studio Solution File, Format Version 12.00
# Visual Studio Version 16
VisualStudioVersion = 16.0.31613.86
MinimumVisualStudioVersion = 10.0.40219.1
Project("{FAE04EC0-301F-11D3-BF4B-00C04F79EFBC}") = "Zoo", "Zoo\Zoo.csproj", "{4634ACF5-715B-4FED-929C-E45AC1C94750}"
EndProject
Global
	GlobalSection(SolutionConfigurationPlatforms) = preSolution
		Debug|Any CPU = Debug|Any CPU
		Release|Any CPU = Release|Any CPU
	EndGlobalSection
	GlobalSection(ProjectConfigurationPlatforms) = postSolution
		{4634ACF5-715B-4FED-929C-E45AC1C94750}.Debug|Any CPU.ActiveCfg = Debug|Any CPU
		{4634ACF5-715B-4FED-929C-E45AC1C94750}.Debug|Any CPU.Build.0 = Debug|Any CPU
		{4634ACF5-715B-4FED-929C-E45AC1C94750}.Release|Any CPU.ActiveCfg = Release|Any CPU
		{4634ACF5-715B-4FED-929C-E45AC1C94750}.Release|Any CPU.Build.0 = Release|Any CPU
	EndGlobalSection
	GlobalSection(SolutionProperties) = preSolution
		HideSolutionNode = FALSE
	EndGlobalSection
	GlobalSection(ExtensibilityGlobals) = postSolution
		SolutionGuid = {918E135F-A094-4BA9-8A66-2ABFFFE7CA7C}
	EndGlobalSection
EndGlobal
